
Microsoft Visual Studio Solution File, Format Version 12.00
# Visual Studio Version 17
VisualStudioVersion = 17.8.34330.188
MinimumVisualStudioVersion = 10.0.40219.1
Project("{FAE04EC0-301F-11D3-BF4B-00C04F79EFBC}") = "SinusTest", "SinusTest.csproj", "{111428EB-C018-4041-90B2-9FADF6FBAE4B}"
EndProject
Global
	GlobalSection(SolutionConfigurationPlatforms) = preSolution
		Debug|Any CPU = Debug|Any CPU
		Release|Any CPU = Release|Any CPU
	EndGlobalSection
	GlobalSection(ProjectConfigurationPlatforms) = postSolution
		{111428EB-C018-4041-90B2-9FADF6FBAE4B}.Debug|Any CPU.ActiveCfg = Debug|Any CPU
		{111428EB-C018-4041-90B2-9FADF6FBAE4B}.Debug|Any CPU.Build.0 = Debug|Any CPU
		{111428EB-C018-4041-90B2-9FADF6FBAE4B}.Release|Any CPU.ActiveCfg = Release|Any CPU
		{111428EB-C018-4041-90B2-9FADF6FBAE4B}.Release|Any CPU.Build.0 = Release|Any CPU
	EndGlobalSection
	GlobalSection(SolutionProperties) = preSolution
		HideSolutionNode = FALSE
	EndGlobalSection
	GlobalSection(ExtensibilityGlobals) = postSolution
		SolutionGuid = {8C4473B1-A126-4616-B394-D663EFD6D29C}
	EndGlobalSection
EndGlobal
